Microsoft Visual Studio Solution File, Format Version 12.00
# Visual Studio Version 17
VisualStudioVersion = 17.5.2.0
MinimumVisualStudioVersion = 10.0.40219.1
Project("{9A19103F-16F7-4668-BE54-9A1E7A4F7556}") = "NexusGym", "NexusGym.csproj", "{C0DF4B72-AACA-977F-470D-BF8F91A886F9}"
EndProject
Project("{FAE04EC0-301F-11D3-BF4B-00C04F79EFBC}") = "NexusGymTests", "..\NexusGymTests\NexusGymTests.csproj", "{848E27C9-011C-491B-8887-8D5CA9B66496}"
EndProject
Global
	GlobalSection(SolutionConfigurationPlatforms) = preSolution
		Debug|Any CPU = Debug|Any CPU
		Release|Any CPU = Release|Any CPU
	EndGlobalSection
	GlobalSection(ProjectConfigurationPlatforms) = postSolution
		{C0DF4B72-AACA-977F-470D-BF8F91A886F9}.Debug|Any CPU.ActiveCfg = Debug|Any CPU
		{C0DF4B72-AACA-977F-470D-BF8F91A886F9}.Debug|Any CPU.Build.0 = Debug|Any CPU
		{C0DF4B72-AACA-977F-470D-BF8F91A886F9}.Release|Any CPU.ActiveCfg = Release|Any CPU
		{C0DF4B72-AACA-977F-470D-BF8F91A886F9}.Release|Any CPU.Build.0 = Release|Any CPU
		{848E27C9-011C-491B-8887-8D5CA9B66496}.Debug|Any CPU.ActiveCfg = Debug|Any CPU
		{848E27C9-011C-491B-8887-8D5CA9B66496}.Debug|Any CPU.Build.0 = Debug|Any CPU
		{848E27C9-011C-491B-8887-8D5CA9B66496}.Release|Any CPU.ActiveCfg = Release|Any CPU
		{848E27C9-011C-491B-8887-8D5CA9B66496}.Release|Any CPU.Build.0 = Release|Any CPU
	EndGlobalSection
	GlobalSection(SolutionProperties) = preSolution
		HideSolutionNode = FALSE
	EndGlobalSection
	GlobalSection(ExtensibilityGlobals) = postSolution
		SolutionGuid = {8AA26D70-8B00-4F31-B598-5FCE4631DEAE}
	EndGlobalSection
EndGlobal
